
Microsoft Visual Studio Solution File, Format Version 12.00
# Visual Studio Version 17
VisualStudioVersion = 17.5.002.0
MinimumVisualStudioVersion = 10.0.40219.1
Project("{9A19103F-16F7-4668-BE54-9A1E7A4F7556}") = "GeminiApiApp", "GeminiApiApp.csproj", "{0E28F68C-A712-4E19-8F65-3283F58549CC}"
EndProject
Global
	GlobalSection(SolutionConfigurationPlatforms) = preSolution
		Debug|Any CPU = Debug|Any CPU
		Release|Any CPU = Release|Any CPU
	EndGlobalSection
	GlobalSection(ProjectConfigurationPlatforms) = postSolution
		{0E28F68C-A712-4E19-8F65-3283F58549CC}.Debug|Any CPU.ActiveCfg = Debug|Any CPU
		{0E28F68C-A712-4E19-8F65-3283F58549CC}.Debug|Any CPU.Build.0 = Debug|Any CPU
		{0E28F68C-A712-4E19-8F65-3283F58549CC}.Release|Any CPU.ActiveCfg = Release|Any CPU
		{0E28F68C-A712-4E19-8F65-3283F58549CC}.Release|Any CPU.Build.0 = Release|Any CPU
	EndGlobalSection
	GlobalSection(SolutionProperties) = preSolution
		HideSolutionNode = FALSE
	EndGlobalSection
	GlobalSection(ExtensibilityGlobals) = postSolution
		SolutionGuid = {6AC658DC-622E-4251-AC75-715A6FB65B7A}
	EndGlobalSection
EndGlobal
